
Microsoft Visual Studio Solution File, Format Version 12.00
# Visual Studio Version 16
VisualStudioVersion = 16.0.31313.79
MinimumVisualStudioVersion = 10.0.40219.1
Project("{9A19103F-16F7-4668-BE54-9A1E7A4F7556}") = "Calculator.Core", "Calculator.Core\Calculator.Core.csproj", "{69D28DBE-0E62-4569-9283-E2BD0158A69D}"
EndProject
Project("{9A19103F-16F7-4668-BE54-9A1E7A4F7556}") = "Calculator.Core.Tests", "Calculator.Core.Tests\Calculator.Core.Tests.csproj", "{5FC08AAF-E753-49FF-8E66-4CC93EC1D2D6}"
EndProject
Project("{9A19103F-16F7-4668-BE54-9A1E7A4F7556}") = "AccountManagement.Tests", "AccountManagement.Tests\AccountManagement.Tests.csproj", "{C2E545BC-60FC-44E1-B94F-2BDFEFDC2AC2}"
EndProject
Project("{9A19103F-16F7-4668-BE54-9A1E7A4F7556}") = "AccountManagement", "AccountManagement\AccountManagement.csproj", "{05313F45-66D6-4E6C-83CD-630E3E9A387F}"
EndProject
Global
	GlobalSection(SolutionConfigurationPlatforms) = preSolution
		Debug|Any CPU = Debug|Any CPU
		Release|Any CPU = Release|Any CPU
	EndGlobalSection
	GlobalSection(ProjectConfigurationPlatforms) = postSolution
		{69D28DBE-0E62-4569-9283-E2BD0158A69D}.Debug|Any CPU.ActiveCfg = Debug|Any CPU
		{69D28DBE-0E62-4569-9283-E2BD0158A69D}.Debug|Any CPU.Build.0 = Debug|Any CPU
		{69D28DBE-0E62-4569-9283-E2BD0158A69D}.Release|Any CPU.ActiveCfg = Release|Any CPU
		{69D28DBE-0E62-4569-9283-E2BD0158A69D}.Release|Any CPU.Build.0 = Release|Any CPU
		{5FC08AAF-E753-49FF-8E66-4CC93EC1D2D6}.Debug|Any CPU.ActiveCfg = Debug|Any CPU
		{5FC08AAF-E753-49FF-8E66-4CC93EC1D2D6}.Debug|Any CPU.Build.0 = Debug|Any CPU
		{5FC08AAF-E753-49FF-8E66-4CC93EC1D2D6}.Release|Any CPU.ActiveCfg = Release|Any CPU
		{5FC08AAF-E753-49FF-8E66-4CC93EC1D2D6}.Release|Any CPU.Build.0 = Release|Any CPU
		{C2E545BC-60FC-44E1-B94F-2BDFEFDC2AC2}.Debug|Any CPU.ActiveCfg = Debug|Any CPU
		{C2E545BC-60FC-44E1-B94F-2BDFEFDC2AC2}.Debug|Any CPU.Build.0 = Debug|Any CPU
		{C2E545BC-60FC-44E1-B94F-2BDFEFDC2AC2}.Release|Any CPU.ActiveCfg = Release|Any CPU
		{C2E545BC-60FC-44E1-B94F-2BDFEFDC2AC2}.Release|Any CPU.Build.0 = Release|Any CPU
		{05313F45-66D6-4E6C-83CD-630E3E9A387F}.Debug|Any CPU.ActiveCfg = Debug|Any CPU
		{05313F45-66D6-4E6C-83CD-630E3E9A387F}.Debug|Any CPU.Build.0 = Debug|Any CPU
		{05313F45-66D6-4E6C-83CD-630E3E9A387F}.Release|Any CPU.ActiveCfg = Release|Any CPU
		{05313F45-66D6-4E6C-83CD-630E3E9A387F}.Release|Any CPU.Build.0 = Release|Any CPU
	EndGlobalSection
	GlobalSection(SolutionProperties) = preSolution
		HideSolutionNode = FALSE
	EndGlobalSection
	GlobalSection(ExtensibilityGlobals) = postSolution
		SolutionGuid = {459D4DFA-C079-4263-9DBA-7C0CFF4ED735}
	EndGlobalSection
EndGlobal
