
Microsoft Visual Studio Solution File, Format Version 12.00
# Visual Studio Version 16
VisualStudioVersion = 16.0.31313.79
MinimumVisualStudioVersion = 10.0.40219.1
Project("{FAE04EC0-301F-11D3-BF4B-00C04F79EFBC}") = "Calculator.Core", "Calculator.Core\Calculator.Core.csproj", "{69D28DBE-0E62-4569-9283-E2BD0158A69D}"
EndProject
Project("{FAE04EC0-301F-11D3-BF4B-00C04F79EFBC}") = "Calculator.Core.Tests", "Calculator.Core.Tests\Calculator.Core.Tests.csproj", "{E12D682A-A03E-4806-AFEC-595690F1755A}"
EndProject
Global
	GlobalSection(SolutionConfigurationPlatforms) = preSolution
		Debug|Any CPU = Debug|Any CPU
		Release|Any CPU = Release|Any CPU
	EndGlobalSection
	GlobalSection(ProjectConfigurationPlatforms) = postSolution
		{69D28DBE-0E62-4569-9283-E2BD0158A69D}.Debug|Any CPU.ActiveCfg = Debug|Any CPU
		{69D28DBE-0E62-4569-9283-E2BD0158A69D}.Debug|Any CPU.Build.0 = Debug|Any CPU
		{69D28DBE-0E62-4569-9283-E2BD0158A69D}.Release|Any CPU.ActiveCfg = Release|Any CPU
		{69D28DBE-0E62-4569-9283-E2BD0158A69D}.Release|Any CPU.Build.0 = Release|Any CPU
		{E12D682A-A03E-4806-AFEC-595690F1755A}.Debug|Any CPU.ActiveCfg = Debug|Any CPU
		{E12D682A-A03E-4806-AFEC-595690F1755A}.Debug|Any CPU.Build.0 = Debug|Any CPU
		{E12D682A-A03E-4806-AFEC-595690F1755A}.Release|Any CPU.ActiveCfg = Release|Any CPU
		{E12D682A-A03E-4806-AFEC-595690F1755A}.Release|Any CPU.Build.0 = Release|Any CPU
	EndGlobalSection
	GlobalSection(SolutionProperties) = preSolution
		HideSolutionNode = FALSE
	EndGlobalSection
	GlobalSection(ExtensibilityGlobals) = postSolution
		SolutionGuid = {459D4DFA-C079-4263-9DBA-7C0CFF4ED735}
	EndGlobalSection
EndGlobal
